
Microsoft Visual Studio Solution File, Format Version 12.00
# Visual Studio Version 17
VisualStudioVersion = 17.2.32616.157
MinimumVisualStudioVersion = 10.0.40219.1
Project("{FAE04EC0-301F-11D3-BF4B-00C04F79EFBC}") = "Proyecto15", "Proyecto15\Proyecto15.csproj", "{D4D799C0-A393-4037-86C5-7869E29B827C}"
EndProject
Global
	GlobalSection(SolutionConfigurationPlatforms) = preSolution
		Debug|Any CPU = Debug|Any CPU
		Release|Any CPU = Release|Any CPU
	EndGlobalSection
	GlobalSection(ProjectConfigurationPlatforms) = postSolution
		{D4D799C0-A393-4037-86C5-7869E29B827C}.Debug|Any CPU.ActiveCfg = Debug|Any CPU
		{D4D799C0-A393-4037-86C5-7869E29B827C}.Debug|Any CPU.Build.0 = Debug|Any CPU
		{D4D799C0-A393-4037-86C5-7869E29B827C}.Release|Any CPU.ActiveCfg = Release|Any CPU
		{D4D799C0-A393-4037-86C5-7869E29B827C}.Release|Any CPU.Build.0 = Release|Any CPU
	EndGlobalSection
	GlobalSection(SolutionProperties) = preSolution
		HideSolutionNode = FALSE
	EndGlobalSection
	GlobalSection(ExtensibilityGlobals) = postSolution
		SolutionGuid = {6043E159-95D0-4B41-87A7-C0790B23353A}
	EndGlobalSection
EndGlobal
