
Microsoft Visual Studio Solution File, Format Version 12.00
# Visual Studio Version 17
VisualStudioVersion = 17.2.32616.157
MinimumVisualStudioVersion = 10.0.40219.1
Project("{FAE04EC0-301F-11D3-BF4B-00C04F79EFBC}") = "Proyecto13", "Proyecto13\Proyecto13.csproj", "{FA54F4E2-B937-4B67-9EAD-31916637CAFF}"
EndProject
Global
	GlobalSection(SolutionConfigurationPlatforms) = preSolution
		Debug|Any CPU = Debug|Any CPU
		Release|Any CPU = Release|Any CPU
	EndGlobalSection
	GlobalSection(ProjectConfigurationPlatforms) = postSolution
		{FA54F4E2-B937-4B67-9EAD-31916637CAFF}.Debug|Any CPU.ActiveCfg = Debug|Any CPU
		{FA54F4E2-B937-4B67-9EAD-31916637CAFF}.Debug|Any CPU.Build.0 = Debug|Any CPU
		{FA54F4E2-B937-4B67-9EAD-31916637CAFF}.Release|Any CPU.ActiveCfg = Release|Any CPU
		{FA54F4E2-B937-4B67-9EAD-31916637CAFF}.Release|Any CPU.Build.0 = Release|Any CPU
	EndGlobalSection
	GlobalSection(SolutionProperties) = preSolution
		HideSolutionNode = FALSE
	EndGlobalSection
	GlobalSection(ExtensibilityGlobals) = postSolution
		SolutionGuid = {B89FEC95-D3EE-4E7A-BAF1-0323857459E1}
	EndGlobalSection
EndGlobal
