
Microsoft Visual Studio Solution File, Format Version 12.00
# Visual Studio Version 17
VisualStudioVersion = 17.5.33414.496
MinimumVisualStudioVersion = 10.0.40219.1
Project("{FAE04EC0-301F-11D3-BF4B-00C04F79EFBC}") = "PPAI CLASES", "PPAI CLASES\PPAI CLASES.csproj", "{4DCF528F-BC73-4C12-A77C-727616EEFAFB}"
EndProject
Global
	GlobalSection(SolutionConfigurationPlatforms) = preSolution
		Debug|Any CPU = Debug|Any CPU
		Release|Any CPU = Release|Any CPU
	EndGlobalSection
	GlobalSection(ProjectConfigurationPlatforms) = postSolution
		{4DCF528F-BC73-4C12-A77C-727616EEFAFB}.Debug|Any CPU.ActiveCfg = Debug|Any CPU
		{4DCF528F-BC73-4C12-A77C-727616EEFAFB}.Debug|Any CPU.Build.0 = Debug|Any CPU
		{4DCF528F-BC73-4C12-A77C-727616EEFAFB}.Release|Any CPU.ActiveCfg = Release|Any CPU
		{4DCF528F-BC73-4C12-A77C-727616EEFAFB}.Release|Any CPU.Build.0 = Release|Any CPU
	EndGlobalSection
	GlobalSection(SolutionProperties) = preSolution
		HideSolutionNode = FALSE
	EndGlobalSection
	GlobalSection(ExtensibilityGlobals) = postSolution
		SolutionGuid = {7E3AAB21-36C4-4ECA-8BE1-61C5725633DD}
	EndGlobalSection
EndGlobal
