
Microsoft Visual Studio Solution File, Format Version 12.00
# Visual Studio Version 17
VisualStudioVersion = 17.2.32616.157
MinimumVisualStudioVersion = 10.0.40219.1
Project("{FAE04EC0-301F-11D3-BF4B-00C04F79EFBC}") = "Proyecto11", "Proyecto11\Proyecto11.csproj", "{F132D9F9-ED8C-40E8-90F6-5E4323DFD630}"
EndProject
Global
	GlobalSection(SolutionConfigurationPlatforms) = preSolution
		Debug|Any CPU = Debug|Any CPU
		Release|Any CPU = Release|Any CPU
	EndGlobalSection
	GlobalSection(ProjectConfigurationPlatforms) = postSolution
		{F132D9F9-ED8C-40E8-90F6-5E4323DFD630}.Debug|Any CPU.ActiveCfg = Debug|Any CPU
		{F132D9F9-ED8C-40E8-90F6-5E4323DFD630}.Debug|Any CPU.Build.0 = Debug|Any CPU
		{F132D9F9-ED8C-40E8-90F6-5E4323DFD630}.Release|Any CPU.ActiveCfg = Release|Any CPU
		{F132D9F9-ED8C-40E8-90F6-5E4323DFD630}.Release|Any CPU.Build.0 = Release|Any CPU
	EndGlobalSection
	GlobalSection(SolutionProperties) = preSolution
		HideSolutionNode = FALSE
	EndGlobalSection
	GlobalSection(ExtensibilityGlobals) = postSolution
		SolutionGuid = {C7CF9597-2C45-4E5D-B691-2F4FCE5C6C0D}
	EndGlobalSection
EndGlobal
