
Microsoft Visual Studio Solution File, Format Version 12.00
# Visual Studio Version 17
VisualStudioVersion = 17.2.32616.157
MinimumVisualStudioVersion = 10.0.40219.1
Project("{FAE04EC0-301F-11D3-BF4B-00C04F79EFBC}") = "Proyecto2", "Proyecto2\Proyecto2.csproj", "{4579935C-9EEC-4348-BA3F-D68C29CD0B1D}"
EndProject
Global
	GlobalSection(SolutionConfigurationPlatforms) = preSolution
		Debug|Any CPU = Debug|Any CPU
		Release|Any CPU = Release|Any CPU
	EndGlobalSection
	GlobalSection(ProjectConfigurationPlatforms) = postSolution
		{4579935C-9EEC-4348-BA3F-D68C29CD0B1D}.Debug|Any CPU.ActiveCfg = Debug|Any CPU
		{4579935C-9EEC-4348-BA3F-D68C29CD0B1D}.Debug|Any CPU.Build.0 = Debug|Any CPU
		{4579935C-9EEC-4348-BA3F-D68C29CD0B1D}.Release|Any CPU.ActiveCfg = Release|Any CPU
		{4579935C-9EEC-4348-BA3F-D68C29CD0B1D}.Release|Any CPU.Build.0 = Release|Any CPU
	EndGlobalSection
	GlobalSection(SolutionProperties) = preSolution
		HideSolutionNode = FALSE
	EndGlobalSection
	GlobalSection(ExtensibilityGlobals) = postSolution
		SolutionGuid = {37EEC41F-9E1C-41C6-BA83-665EFBAED093}
	EndGlobalSection
EndGlobal
