
Microsoft Visual Studio Solution File, Format Version 12.00
# Visual Studio Version 17
VisualStudioVersion = 17.2.32616.157
MinimumVisualStudioVersion = 10.0.40219.1
Project("{FAE04EC0-301F-11D3-BF4B-00C04F79EFBC}") = "Proyecto8", "Proyecto8\Proyecto8.csproj", "{B343DDC3-41F6-4B9E-BDF9-012E9FB4150F}"
EndProject
Global
	GlobalSection(SolutionConfigurationPlatforms) = preSolution
		Debug|Any CPU = Debug|Any CPU
		Release|Any CPU = Release|Any CPU
	EndGlobalSection
	GlobalSection(ProjectConfigurationPlatforms) = postSolution
		{B343DDC3-41F6-4B9E-BDF9-012E9FB4150F}.Debug|Any CPU.ActiveCfg = Debug|Any CPU
		{B343DDC3-41F6-4B9E-BDF9-012E9FB4150F}.Debug|Any CPU.Build.0 = Debug|Any CPU
		{B343DDC3-41F6-4B9E-BDF9-012E9FB4150F}.Release|Any CPU.ActiveCfg = Release|Any CPU
		{B343DDC3-41F6-4B9E-BDF9-012E9FB4150F}.Release|Any CPU.Build.0 = Release|Any CPU
	EndGlobalSection
	GlobalSection(SolutionProperties) = preSolution
		HideSolutionNode = FALSE
	EndGlobalSection
	GlobalSection(ExtensibilityGlobals) = postSolution
		SolutionGuid = {73D2A591-EF19-4E0E-8201-E1BF66A78748}
	EndGlobalSection
EndGlobal
